
Microsoft Visual Studio Solution File, Format Version 12.00
# Visual Studio Version 17
VisualStudioVersion = 17.8.34309.116
MinimumVisualStudioVersion = 10.0.40219.1
Project("{9A19103F-16F7-4668-BE54-9A1E7A4F7556}") = "LibraryProject", "LibraryProject\LibraryProject.csproj", "{BA3E23C9-5F92-41A9-BEB8-73336DDAB477}"
EndProject
Global
	GlobalSection(SolutionConfigurationPlatforms) = preSolution
		Debug|Any CPU = Debug|Any CPU
		Release|Any CPU = Release|Any CPU
	EndGlobalSection
	GlobalSection(ProjectConfigurationPlatforms) = postSolution
		{BA3E23C9-5F92-41A9-BEB8-73336DDAB477}.Debug|Any CPU.ActiveCfg = Debug|Any CPU
		{BA3E23C9-5F92-41A9-BEB8-73336DDAB477}.Debug|Any CPU.Build.0 = Debug|Any CPU
		{BA3E23C9-5F92-41A9-BEB8-73336DDAB477}.Release|Any CPU.ActiveCfg = Release|Any CPU
		{BA3E23C9-5F92-41A9-BEB8-73336DDAB477}.Release|Any CPU.Build.0 = Release|Any CPU
	EndGlobalSection
	GlobalSection(SolutionProperties) = preSolution
		HideSolutionNode = FALSE
	EndGlobalSection
	GlobalSection(ExtensibilityGlobals) = postSolution
		SolutionGuid = {3D2CD835-3EFD-4EE1-808A-A46B901592F1}
	EndGlobalSection
EndGlobal
